// !$*UTF8*$!
{
	archiveVersion = 1;
	classes = {
	};
	objectVersion = 56;
	objects = {

/* Begin PBXBuildFile section */
		3B12E1C22CC545CC00C0A249 /* Model.swift in Sources */ = {isa = PBXBuildFile; fileRef = 3B12E1C12CC545CC00C0A249 /* Model.swift */; };
		3B8D49472CC57102000919FE /* FlagViewController.swift in Sources */ = {isa = PBXBuildFile; fileRef = 3B8D49462CC57102000919FE /* FlagViewController.swift */; };
		3BCF808F2CBAC51900AA1EFF /* AppDelegate.swift in Sources */ = {isa = PBXBuildFile; fileRef = 3BCF808E2CBAC51900AA1EFF /* AppDelegate.swift */; };
		3BCF80912CBAC51900AA1EFF /* SceneDelegate.swift in Sources */ = {isa = PBXBuildFile; fileRef = 3BCF80902CBAC51900AA1EFF /* SceneDelegate.swift */; };
		3BCF80932CBAC51900AA1EFF /* ViewController.swift in Sources */ = {isa = PBXBuildFile; fileRef = 3BCF80922CBAC51900AA1EFF /* ViewController.swift */; };
		3BCF80962CBAC51900AA1EFF /* Base in Resources */ = {isa = PBXBuildFile; fileRef = 3BCF80952CBAC51900AA1EFF /* Base */; };
		3BCF80982CBAC51A00AA1EFF /* Assets.xcassets in Resources */ = {isa = PBXBuildFile; fileRef = 3BCF80972CBAC51A00AA1EFF /* Assets.xcassets */; };
		3BCF809B2CBAC51A00AA1EFF /* Base in Resources */ = {isa = PBXBuildFile; fileRef = 3BCF809A2CBAC51A00AA1EFF /* Base */; };
		3BCF80A62CBAC51A00AA1EFF /* FlagAppTests.swift in Sources */ = {isa = PBXBuildFile; fileRef = 3BCF80A52CBAC51A00AA1EFF /* FlagAppTests.swift */; };
		3BCF80B02CBAC51A00AA1EFF /* FlagAppUITests.swift in Sources */ = {isa = PBXBuildFile; fileRef = 3BCF80AF2CBAC51A00AA1EFF /* FlagAppUITests.swift */; };
		3BCF80B22CBAC51A00AA1EFF /* FlagAppUITestsLaunchTests.swift in Sources */ = {isa = PBXBuildFile; fileRef = 3BCF80B12CBAC51A00AA1EFF /* FlagAppUITestsLaunchTests.swift */; };
/* End PBXBuildFile section */

/* Begin PBXContainerItemProxy section */
		3BCF80A22CBAC51A00AA1EFF /* PBXContainerItemProxy */ = {
			isa = PBXContainerItemProxy;
			containerPortal = 3BCF80832CBAC51900AA1EFF /* Project object */;
			proxyType = 1;
			remoteGlobalIDString = 3BCF808A2CBAC51900AA1EFF;
			remoteInfo = FlagApp;
		};
		3BCF80AC2CBAC51A00AA1EFF /* PBXContainerItemProxy */ = {
			isa = PBXContainerItemProxy;
			containerPortal = 3BCF80832CBAC51900AA1EFF /* Project object */;
			proxyType = 1;
			remoteGlobalIDString = 3BCF808A2CBAC51900AA1EFF;
			remoteInfo = FlagApp;
		};
/* End PBXContainerItemProxy section */

/* Begin PBXFileReference section */
		3B12E1C12CC545CC00C0A249 /* Model.swift */ = {isa = PBXFileReference; lastKnownFileType = sourcecode.swift; path = Model.swift; sourceTree = "<group>"; };
		3B8D49462CC57102000919FE /* FlagViewController.swift */ = {isa = PBXFileReference; lastKnownFileType = sourcecode.swift; path = FlagViewController.swift; sourceTree = "<group>"; };
		3BCF808B2CBAC51900AA1EFF /* FlagApp.app */ = {isa = PBXFileReference; explicitFileType = wrapper.application; includeInIndex = 0; path = FlagApp.app; sourceTree = BUILT_PRODUCTS_DIR; };
		3BCF808E2CBAC51900AA1EFF /* AppDelegate.swift */ = {isa = PBXFileReference; lastKnownFileType = sourcecode.swift; path = AppDelegate.swift; sourceTree = "<group>"; };
		3BCF80902CBAC51900AA1EFF /* SceneDelegate.swift */ = {isa = PBXFileReference; lastKnownFileType = sourcecode.swift; path = SceneDelegate.swift; sourceTree = "<group>"; };
		3BCF80922CBAC51900AA1EFF /* ViewController.swift */ = {isa = PBXFileReference; lastKnownFileType = sourcecode.swift; path = ViewController.swift; sourceTree = "<group>"; };
		3BCF80952CBAC51900AA1EFF /* Base */ = {isa = PBXFileReference; lastKnownFileType = file.storyboard; name = Base; path = Base.lproj/Main.storyboard; sourceTree = "<group>"; };
		3BCF80972CBAC51A00AA1EFF /* Assets.xcassets */ = {isa = PBXFileReference; lastKnownFileType = folder.assetcatalog; path = Assets.xcassets; sourceTree = "<group>"; };
		3BCF809A2CBAC51A00AA1EFF /* Base */ = {isa = PBXFileReference; lastKnownFileType = file.storyboard; name = Base; path = Base.lproj/LaunchScreen.storyboard; sourceTree = "<group>"; };
		3BCF809C2CBAC51A00AA1EFF /* Info.plist */ = {isa = PBXFileReference; lastKnownFileType = text.plist.xml; path = Info.plist; sourceTree = "<group>"; };
		3BCF80A12CBAC51A00AA1EFF /* FlagAppTests.xctest */ = {isa = PBXFileReference; explicitFileType = wrapper.cfbundle; includeInIndex = 0; path = FlagAppTests.xctest; sourceTree = BUILT_PRODUCTS_DIR; };
		3BCF80A52CBAC51A00AA1EFF /* FlagAppTests.swift */ = {isa = PBXFileReference; lastKnownFileType = sourcecode.swift; path = FlagAppTests.swift; sourceTree = "<group>"; };
		3BCF80AB2CBAC51A00AA1EFF /* FlagAppUITests.xctest */ = {isa = PBXFileReference; explicitFileType = wrapper.cfbundle; includeInIndex = 0; path = FlagAppUITests.xctest; sourceTree = BUILT_PRODUCTS_DIR; };
		3BCF80AF2CBAC51A00AA1EFF /* FlagAppUITests.swift */ = {isa = PBXFileReference; lastKnownFileType = sourcecode.swift; path = FlagAppUITests.swift; sourceTree = "<group>"; };
		3BCF80B12CBAC51A00AA1EFF /* FlagAppUITestsLaunchTests.swift */ = {isa = PBXFileReference; lastKnownFileType = sourcecode.swift; path = FlagAppUITestsLaunchTests.swift; sourceTree = "<group>"; };
/* End PBXFileReference section */

/* Begin PBXFrameworksBuildPhase section */
		3BCF80882CBAC51900AA1EFF /* Frameworks */ = {
			isa = PBXFrameworksBuildPhase;
			buildActionMask = 2147483647;
			files = (
			);
			runOnlyForDeploymentPostprocessing = 0;
		};
		3BCF809E2CBAC51A00AA1EFF /* Frameworks */ = {
			isa = PBXFrameworksBuildPhase;
			buildActionMask = 2147483647;
			files = (
			);
			runOnlyForDeploymentPostprocessing = 0;
		};
		3BCF80A82CBAC51A00AA1EFF /* Frameworks */ = {
			isa = PBXFrameworksBuildPhase;
			buildActionMask = 2147483647;
			files = (
			);
			runOnlyForDeploymentPostprocessing = 0;
		};
/* End PBXFrameworksBuildPhase section */

/* Begin PBXGroup section */
		3BCF80822CBAC51900AA1EFF = {
			isa = PBXGroup;
			children = (
				3BCF808D2CBAC51900AA1EFF /* FlagApp */,
				3BCF80A42CBAC51A00AA1EFF /* FlagAppTests */,
				3BCF80AE2CBAC51A00AA1EFF /* FlagAppUITests */,
				3BCF808C2CBAC51900AA1EFF /* Products */,
			);
			sourceTree = "<group>";
		};
		3BCF808C2CBAC51900AA1EFF /* Products */ = {
			isa = PBXGroup;
			children = (
				3BCF808B2CBAC51900AA1EFF /* FlagApp.app */,
				3BCF80A12CBAC51A00AA1EFF /* FlagAppTests.xctest */,
				3BCF80AB2CBAC51A00AA1EFF /* FlagAppUITests.xctest */,
			);
			name = Products;
			sourceTree = "<group>";
		};
		3BCF808D2CBAC51900AA1EFF /* FlagApp */ = {
			isa = PBXGroup;
			children = (
				3BCF808E2CBAC51900AA1EFF /* AppDelegate.swift */,
				3BCF80902CBAC51900AA1EFF /* SceneDelegate.swift */,
				3BCF80922CBAC51900AA1EFF /* ViewController.swift */,
				3BCF80942CBAC51900AA1EFF /* Main.storyboard */,
				3B12E1C12CC545CC00C0A249 /* Model.swift */,
				3BCF80972CBAC51A00AA1EFF /* Assets.xcassets */,
				3BCF80992CBAC51A00AA1EFF /* LaunchScreen.storyboard */,
				3BCF809C2CBAC51A00AA1EFF /* Info.plist */,
				3B8D49462CC57102000919FE /* FlagViewController.swift */,
			);
			path = FlagApp;
			sourceTree = "<group>";
		};
		3BCF80A42CBAC51A00AA1EFF /* FlagAppTests */ = {
			isa = PBXGroup;
			children = (
				3BCF80A52CBAC51A00AA1EFF /* FlagAppTests.swift */,
			);
			path = FlagAppTests;
			sourceTree = "<group>";
		};
		3BCF80AE2CBAC51A00AA1EFF /* FlagAppUITests */ = {
			isa = PBXGroup;
			children = (
				3BCF80AF2CBAC51A00AA1EFF /* FlagAppUITests.swift */,
				3BCF80B12CBAC51A00AA1EFF /* FlagAppUITestsLaunchTests.swift */,
			);
			path = FlagAppUITests;
			sourceTree = "<group>";
		};
/* End PBXGroup section */

/* Begin PBXNativeTarget section */
		3BCF808A2CBAC51900AA1EFF /* FlagApp */ = {
			isa = PBXNativeTarget;
			buildConfigurationList = 3BCF80B52CBAC51A00AA1EFF /* Build configuration list for PBXNativeTarget "FlagApp" */;
			buildPhases = (
				3BCF80872CBAC51900AA1EFF /* Sources */,
				3BCF80882CBAC51900AA1EFF /* Frameworks */,
				3BCF80892CBAC51900AA1EFF /* Resources */,
			);
			buildRules = (
			);
			dependencies = (
			);
			name = FlagApp;
			productName = FlagApp;
			productReference = 3BCF808B2CBAC51900AA1EFF /* FlagApp.app */;
			productType = "com.apple.product-type.application";
		};
		3BCF80A02CBAC51A00AA1EFF /* FlagAppTests */ = {
			isa = PBXNativeTarget;
			buildConfigurationList = 3BCF80B82CBAC51A00AA1EFF /* Build configuration list for PBXNativeTarget "FlagAppTests" */;
			buildPhases = (
				3BCF809D2CBAC51A00AA1EFF /* Sources */,
				3BCF809E2CBAC51A00AA1EFF /* Frameworks */,
				3BCF809F2CBAC51A00AA1EFF /* Resources */,
			);
			buildRules = (
			);
			dependencies = (
				3BCF80A32CBAC51A00AA1EFF /* PBXTargetDependency */,
			);
			name = FlagAppTests;
			productName = FlagAppTests;
			productReference = 3BCF80A12CBAC51A00AA1EFF /* FlagAppTests.xctest */;
			productType = "com.apple.product-type.bundle.unit-test";
		};
		3BCF80AA2CBAC51A00AA1EFF /* FlagAppUITests */ = {
			isa = PBXNativeTarget;
			buildConfigurationList = 3BCF80BB2CBAC51A00AA1EFF /* Build configuration list for PBXNativeTarget "FlagAppUITests" */;
			buildPhases = (
				3BCF80A72CBAC51A00AA1EFF /* Sources */,
				3BCF80A82CBAC51A00AA1EFF /* Frameworks */,
				3BCF80A92CBAC51A00AA1EFF /* Resources */,
			);
			buildRules = (
			);
			dependencies = (
				3BCF80AD2CBAC51A00AA1EFF /* PBXTargetDependency */,
			);
			name = FlagAppUITests;
			productName = FlagAppUITests;
			productReference = 3BCF80AB2CBAC51A00AA1EFF /* FlagAppUITests.xctest */;
			productType = "com.apple.product-type.bundle.ui-testing";
		};
/* End PBXNativeTarget section */

/* Begin PBXProject section */
		3BCF80832CBAC51900AA1EFF /* Project object */ = {
			isa = PBXProject;
			attributes = {
				BuildIndependentTargetsInParallel = 1;
				LastSwiftUpdateCheck = 1540;
				LastUpgradeCheck = 1540;
				TargetAttributes = {
					3BCF808A2CBAC51900AA1EFF = {
						CreatedOnToolsVersion = 15.4;
					};
					3BCF80A02CBAC51A00AA1EFF = {
						CreatedOnToolsVersion = 15.4;
						TestTargetID = 3BCF808A2CBAC51900AA1EFF;
					};
					3BCF80AA2CBAC51A00AA1EFF = {
						CreatedOnToolsVersion = 15.4;
						TestTargetID = 3BCF808A2CBAC51900AA1EFF;
					};
				};
			};
			buildConfigurationList = 3BCF80862CBAC51900AA1EFF /* Build configuration list for PBXProject "FlagApp" */;
			compatibilityVersion = "Xcode 14.0";
			developmentRegion = en;
			hasScannedForEncodings = 0;
			knownRegions = (
				en,
				Base,
			);
			mainGroup = 3BCF80822CBAC51900AA1EFF;
			productRefGroup = 3BCF808C2CBAC51900AA1EFF /* Products */;
			projectDirPath = "";
			projectRoot = "";
			targets = (
				3BCF808A2CBAC51900AA1EFF /* FlagApp */,
				3BCF80A02CBAC51A00AA1EFF /* FlagAppTests */,
				3BCF80AA2CBAC51A00AA1EFF /* FlagAppUITests */,
			);
		};
/* End PBXProject section */

/* Begin PBXResourcesBuildPhase section */
		3BCF80892CBAC51900AA1EFF /* Resources */ = {
			isa = PBXResourcesBuildPhase;
			buildActionMask = 2147483647;
			files = (
				3BCF80982CBAC51A00AA1EFF /* Assets.xcassets in Resources */,
				3BCF809B2CBAC51A00AA1EFF /* Base in Resources */,
				3BCF80962CBAC51900AA1EFF /* Base in Resources */,
			);
			runOnlyForDeploymentPostprocessing = 0;
		};
		3BCF809F2CBAC51A00AA1EFF /* Resources */ = {
			isa = PBXResourcesBuildPhase;
			buildActionMask = 2147483647;
			files = (
			);
			runOnlyForDeploymentPostprocessing = 0;
		};
		3BCF80A92CBAC51A00AA1EFF /* Resources */ = {
			isa = PBXResourcesBuildPhase;
			buildActionMask = 2147483647;
			files = (
			);
			runOnlyForDeploymentPostprocessing = 0;
		};
/* End PBXResourcesBuildPhase section */

/* Begin PBXSourcesBuildPhase section */
		3BCF80872CBAC51900AA1EFF /* Sources */ = {
			isa = PBXSourcesBuildPhase;
			buildActionMask = 2147483647;
			files = (
				3BCF80932CBAC51900AA1EFF /* ViewController.swift in Sources */,
				3BCF808F2CBAC51900AA1EFF /* AppDelegate.swift in Sources */,
				3B8D49472CC57102000919FE /* FlagViewController.swift in Sources */,
				3BCF80912CBAC51900AA1EFF /* SceneDelegate.swift in Sources */,
				3B12E1C22CC545CC00C0A249 /* Model.swift in Sources */,
			);
			runOnlyForDeploymentPostprocessing = 0;
		};
		3BCF809D2CBAC51A00AA1EFF /* Sources */ = {
			isa = PBXSourcesBuildPhase;
			buildActionMask = 2147483647;
			files = (
				3BCF80A62CBAC51A00AA1EFF /* FlagAppTests.swift in Sources */,
			);
			runOnlyForDeploymentPostprocessing = 0;
		};
		3BCF80A72CBAC51A00AA1EFF /* Sources */ = {
			isa = PBXSourcesBuildPhase;
			buildActionMask = 2147483647;
			files = (
				3BCF80B22CBAC51A00AA1EFF /* FlagAppUITestsLaunchTests.swift in Sources */,
				3BCF80B02CBAC51A00AA1EFF /* FlagAppUITests.swift in Sources */,
			);
			runOnlyForDeploymentPostprocessing = 0;
		};
/* End PBXSourcesBuildPhase section */

/* Begin PBXTargetDependency section */
		3BCF80A32CBAC51A00AA1EFF /* PBXTargetDependency */ = {
			isa = PBXTargetDependency;
			target = 3BCF808A2CBAC51900AA1EFF /* FlagApp */;
			targetProxy = 3BCF80A22CBAC51A00AA1EFF /* PBXContainerItemProxy */;
		};
		3BCF80AD2CBAC51A00AA1EFF /* PBXTargetDependency */ = {
			isa = PBXTargetDependency;
			target = 3BCF808A2CBAC51900AA1EFF /* FlagApp */;
			targetProxy = 3BCF80AC2CBAC51A00AA1EFF /* PBXContainerItemProxy */;
		};
/* End PBXTargetDependency section */

/* Begin PBXVariantGroup section */
		3BCF80942CBAC51900AA1EFF /* Main.storyboard */ = {
			isa = PBXVariantGroup;
			children = (
				3BCF80952CBAC51900AA1EFF /* Base */,
			);
			name = Main.storyboard;
			sourceTree = "<group>";
		};
		3BCF80992CBAC51A00AA1EFF /* LaunchScreen.storyboard */ = {
			isa = PBXVariantGroup;
			children = (
				3BCF809A2CBAC51A00AA1EFF /* Base */,
			);
			name = LaunchScreen.storyboard;
			sourceTree = "<group>";
		};
/* End PBXVariantGroup section */

/* Begin XCBuildConfiguration section */
		3BCF80B32CBAC51A00AA1EFF /* Debug */ = {
			isa = XCBuildConfiguration;
			buildSettings = {
				ALWAYS_SEARCH_USER_PATHS = NO;
				ASSETCATALOG_COMPILER_GENERATE_SWIFT_ASSET_SYMBOL_EXTENSIONS = YES;
				CLANG_ANALYZER_NONNULL = YES;
				CLANG_ANALYZER_NUMBER_OBJECT_CONVERSION = YES_AGGRESSIVE;
				CLANG_CXX_LANGUAGE_STANDARD = "gnu++20";
				CLANG_ENABLE_MODULES = YES;
				CLANG_ENABLE_OBJC_ARC = YES;
				CLANG_ENABLE_OBJC_WEAK = YES;
				CLANG_WARN_BLOCK_CAPTURE_AUTORELEASING = YES;
				CLANG_WARN_BOOL_CONVERSION = YES;
				CLANG_WARN_COMMA = YES;
				CLANG_WARN_CONSTANT_CONVERSION = YES;
				CLANG_WARN_DEPRECATED_OBJC_IMPLEMENTATIONS = YES;
				CLANG_WARN_DIRECT_OBJC_ISA_USAGE = YES_ERROR;
				CLANG_WARN_DOCUMENTATION_COMMENTS = YES;
				CLANG_WARN_EMPTY_BODY = YES;
				CLANG_WARN_ENUM_CONVERSION = YES;
				CLANG_WARN_INFINITE_RECURSION = YES;
				CLANG_WARN_INT_CONVERSION = YES;
				CLANG_WARN_NON_LITERAL_NULL_CONVERSION = YES;
				CLANG_WARN_OBJC_IMPLICIT_RETAIN_SELF = YES;
				CLANG_WARN_OBJC_LITERAL_CONVERSION = YES;
				CLANG_WARN_OBJC_ROOT_CLASS = YES_ERROR;
				CLANG_WARN_QUOTED_INCLUDE_IN_FRAMEWORK_HEADER = YES;
				CLANG_WARN_RANGE_LOOP_ANALYSIS = YES;
				CLANG_WARN_STRICT_PROTOTYPES = YES;
				CLANG_WARN_SUSPICIOUS_MOVE = YES;
				CLANG_WARN_UNGUARDED_AVAILABILITY = YES_AGGRESSIVE;
				CLANG_WARN_UNREACHABLE_CODE = YES;
				CLANG_WARN__DUPLICATE_METHOD_MATCH = YES;
				COPY_PHASE_STRIP = NO;
				DEBUG_INFORMATION_FORMAT = dwarf;
				ENABLE_STRICT_OBJC_MSGSEND = YES;
				ENABLE_TESTABILITY = YES;
				ENABLE_USER_SCRIPT_SANDBOXING = YES;
				GCC_C_LANGUAGE_STANDARD = gnu17;
				GCC_DYNAMIC_NO_PIC = NO;
				GCC_NO_COMMON_BLOCKS = YES;
				GCC_OPTIMIZATION_LEVEL = 0;
				GCC_PREPROCESSOR_DEFINITIONS = (
					"DEBUG=1",
					"$(inherited)",
				);
				GCC_WARN_64_TO_32_BIT_CONVERSION = YES;
				GCC_WARN_ABOUT_RETURN_TYPE = YES_ERROR;
				GCC_WARN_UNDECLARED_SELECTOR = YES;
				GCC_WARN_UNINITIALIZED_AUTOS = YES_AGGRESSIVE;
				GCC_WARN_UNUSED_FUNCTION = YES;
				GCC_WARN_UNUSED_VARIABLE = YES;
				IPHONEOS_DEPLOYMENT_TARGET = 17.5;
				LOCALIZATION_PREFERS_STRING_CATALOGS = YES;
				MTL_ENABLE_DEBUG_INFO = INCLUDE_SOURCE;
				MTL_FAST_MATH = YES;
				ONLY_ACTIVE_ARCH = YES;
				SDKROOT = iphoneos;
				SWIFT_ACTIVE_COMPILATION_CONDITIONS = "DEBUG $(inherited)";
				SWIFT_OPTIMIZATION_LEVEL = "-Onone";
			};
			name = Debug;
		};
		3BCF80B42CBAC51A00AA1EFF /* Release */ = {
			isa = XCBuildConfiguration;
			buildSettings = {
				ALWAYS_SEARCH_USER_PATHS = NO;
				ASSETCATALOG_COMPILER_GENERATE_SWIFT_ASSET_SYMBOL_EXTENSIONS = YES;
				CLANG_ANALYZER_NONNULL = YES;
				CLANG_ANALYZER_NUMBER_OBJECT_CONVERSION = YES_AGGRESSIVE;
				CLANG_CXX_LANGUAGE_STANDARD = "gnu++20";
				CLANG_ENABLE_MODULES = YES;
				CLANG_ENABLE_OBJC_ARC = YES;
				CLANG_ENABLE_OBJC_WEAK = YES;
				CLANG_WARN_BLOCK_CAPTURE_AUTORELEASING = YES;
				CLANG_WARN_BOOL_CONVERSION = YES;
				CLANG_WARN_COMMA = YES;
				CLANG_WARN_CONSTANT_CONVERSION = YES;
				CLANG_WARN_DEPRECATED_OBJC_IMPLEMENTATIONS = YES;
				CLANG_WARN_DIRECT_OBJC_ISA_USAGE = YES_ERROR;
				CLANG_WARN_DOCUMENTATION_COMMENTS = YES;
				CLANG_WARN_EMPTY_BODY = YES;
				CLANG_WARN_ENUM_CONVERSION = YES;
				CLANG_WARN_INFINITE_RECURSION = YES;
				CLANG_WARN_INT_CONVERSION = YES;
				CLANG_WARN_NON_LITERAL_NULL_CONVERSION = YES;
				CLANG_WARN_OBJC_IMPLICIT_RETAIN_SELF = YES;
				CLANG_WARN_OBJC_LITERAL_CONVERSION = YES;
				CLANG_WARN_OBJC_ROOT_CLASS = YES_ERROR;
				CLANG_WARN_QUOTED_INCLUDE_IN_FRAMEWORK_HEADER = YES;
				CLANG_WARN_RANGE_LOOP_ANALYSIS = YES;
				CLANG_WARN_STRICT_PROTOTYPES = YES;
				CLANG_WARN_SUSPICIOUS_MOVE = YES;
				CLANG_WARN_UNGUARDED_AVAILABILITY = YES_AGGRESSIVE;
				CLANG_WARN_UNREACHABLE_CODE = YES;
				CLANG_WARN__DUPLICATE_METHOD_MATCH = YES;
				COPY_PHASE_STRIP = NO;
				DEBUG_INFORMATION_FORMAT = "dwarf-with-dsym";
				ENABLE_NS_ASSERTIONS = NO;
				ENABLE_STRICT_OBJC_MSGSEND = YES;
				ENABLE_USER_SCRIPT_SANDBOXING = YES;
				GCC_C_LANGUAGE_STANDARD = gnu17;
				GCC_NO_COMMON_BLOCKS = YES;
				GCC_WARN_64_TO_32_BIT_CONVERSION = YES;
				GCC_WARN_ABOUT_RETURN_TYPE = YES_ERROR;
				GCC_WARN_UNDECLARED_SELECTOR = YES;
				GCC_WARN_UNINITIALIZED_AUTOS = YES_AGGRESSIVE;
				GCC_WARN_UNUSED_FUNCTION = YES;
				GCC_WARN_UNUSED_VARIABLE = YES;
				IPHONEOS_DEPLOYMENT_TARGET = 17.5;
				LOCALIZATION_PREFERS_STRING_CATALOGS = YES;
				MTL_ENABLE_DEBUG_INFO = NO;
				MTL_FAST_MATH = YES;
				SDKROOT = iphoneos;
				SWIFT_COMPILATION_MODE = wholemodule;
				VALIDATE_PRODUCT = YES;
			};
			name = Release;
		};
		3BCF80B62CBAC51A00AA1EFF /* Debug */ = {
			isa = XCBuildConfiguration;
			buildSettings = {
				ASSETCATALOG_COMPILER_APPICON_NAME = AppIcon;
				ASSETCATALOG_COMPILER_GLOBAL_ACCENT_COLOR_NAME = AccentColor;
				CODE_SIGN_STYLE = Automatic;
				CURRENT_PROJECT_VERSION = 1;
				GENERATE_INFOPLIST_FILE = YES;
				INFOPLIST_FILE = FlagApp/Info.plist;
				INFOPLIST_KEY_UIApplicationSupportsIndirectInputEvents = YES;
				INFOPLIST_KEY_UILaunchStoryboardName = LaunchScreen;
				INFOPLIST_KEY_UIMainStoryboardFile = Main;
				INFOPLIST_KEY_UISupportedInterfaceOrientations_iPad = "UIInterfaceOrientationPortrait UIInterfaceOrientationPortraitUpsideDown UIInterfaceOrientationLandscapeLeft UIInterfaceOrientationLandscapeRight";
				INFOPLIST_KEY_UISupportedInterfaceOrientations_iPhone = "UIInterfaceOrientationPortrait UIInterfaceOrientationLandscapeLeft UIInterfaceOrientationLandscapeRight";
				LD_RUNPATH_SEARCH_PATHS = (
					"$(inherited)",
					"@executable_path/Frameworks",
				);
				MARKETING_VERSION = 1.0;
				PRODUCT_BUNDLE_IDENTIFIER = SDU.FlagApp;
				PRODUCT_NAME = "$(TARGET_NAME)";
				SWIFT_EMIT_LOC_STRINGS = YES;
				SWIFT_VERSION = 5.0;
				TARGETED_DEVICE_FAMILY = "1,2";
			};
			name = Debug;
		};
		3BCF80B72CBAC51A00AA1EFF /* Release */ = {
			isa = XCBuildConfiguration;
			buildSettings = {
				ASSETCATALOG_COMPILER_APPICON_NAME = AppIcon;
				ASSETCATALOG_COMPILER_GLOBAL_ACCENT_COLOR_NAME = AccentColor;
				CODE_SIGN_STYLE = Automatic;
				CURRENT_PROJECT_VERSION = 1;
				GENERATE_INFOPLIST_FILE = YES;
				INFOPLIST_FILE = FlagApp/Info.plist;
				INFOPLIST_KEY_UIApplicationSupportsIndirectInputEvents = YES;
				INFOPLIST_KEY_UILaunchStoryboardName = LaunchScreen;
				INFOPLIST_KEY_UIMainStoryboardFile = Main;
				INFOPLIST_KEY_UISupportedInterfaceOrientations_iPad = "UIInterfaceOrientationPortrait UIInterfaceOrientationPortraitUpsideDown UIInterfaceOrientationLandscapeLeft UIInterfaceOrientationLandscapeRight";
				INFOPLIST_KEY_UISupportedInterfaceOrientations_iPhone = "UIInterfaceOrientationPortrait UIInterfaceOrientationLandscapeLeft UIInterfaceOrientationLandscapeRight";
				LD_RUNPATH_SEARCH_PATHS = (
					"$(inherited)",
					"@executable_path/Frameworks",
				);
				MARKETING_VERSION = 1.0;
				PRODUCT_BUNDLE_IDENTIFIER = SDU.FlagApp;
				PRODUCT_NAME = "$(TARGET_NAME)";
				SWIFT_EMIT_LOC_STRINGS = YES;
				SWIFT_VERSION = 5.0;
				TARGETED_DEVICE_FAMILY = "1,2";
			};
			name = Release;
		};
		3BCF80B92CBAC51A00AA1EFF /* Debug */ = {
			isa = XCBuildConfiguration;
			buildSettings = {
				ALWAYS_EMBED_SWIFT_STANDARD_LIBRARIES = YES;
				BUNDLE_LOADER = "$(TEST_HOST)";
				CODE_SIGN_STYLE = Automatic;
				CURRENT_PROJECT_VERSION = 1;
				GENERATE_INFOPLIST_FILE = YES;
				IPHONEOS_DEPLOYMENT_TARGET = 17.5;
				MARKETING_VERSION = 1.0;
				PRODUCT_BUNDLE_IDENTIFIER = SDU.FlagAppTests;
				PRODUCT_NAME = "$(TARGET_NAME)";
				SWIFT_EMIT_LOC_STRINGS = NO;
				SWIFT_VERSION = 5.0;
				TARGETED_DEVICE_FAMILY = "1,2";
				TEST_HOST = "$(BUILT_PRODUCTS_DIR)/FlagApp.app/$(BUNDLE_EXECUTABLE_FOLDER_PATH)/FlagApp";
			};
			name = Debug;
		};
		3BCF80BA2CBAC51A00AA1EFF /* Release */ = {
			isa = XCBuildConfiguration;
			buildSettings = {
				ALWAYS_EMBED_SWIFT_STANDARD_LIBRARIES = YES;
				BUNDLE_LOADER = "$(TEST_HOST)";
				CODE_SIGN_STYLE = Automatic;
				CURRENT_PROJECT_VERSION = 1;
				GENERATE_INFOPLIST_FILE = YES;
				IPHONEOS_DEPLOYMENT_TARGET = 17.5;
				MARKETING_VERSION = 1.0;
				PRODUCT_BUNDLE_IDENTIFIER = SDU.FlagAppTests;
				PRODUCT_NAME = "$(TARGET_NAME)";
				SWIFT_EMIT_LOC_STRINGS = NO;
				SWIFT_VERSION = 5.0;
				TARGETED_DEVICE_FAMILY = "1,2";
				TEST_HOST = "$(BUILT_PRODUCTS_DIR)/FlagApp.app/$(BUNDLE_EXECUTABLE_FOLDER_PATH)/FlagApp";
			};
			name = Release;
		};
		3BCF80BC2CBAC51A00AA1EFF /* Debug */ = {
			isa = XCBuildConfiguration;
			buildSettings = {
				ALWAYS_EMBED_SWIFT_STANDARD_LIBRARIES = YES;
				CODE_SIGN_STYLE = Automatic;
				CURRENT_PROJECT_VERSION = 1;
				GENERATE_INFOPLIST_FILE = YES;
				MARKETING_VERSION = 1.0;
				PRODUCT_BUNDLE_IDENTIFIER = SDU.FlagAppUITests;
				PRODUCT_NAME = "$(TARGET_NAME)";
				SWIFT_EMIT_LOC_STRINGS = NO;
				SWIFT_VERSION = 5.0;
				TARGETED_DEVICE_FAMILY = "1,2";
				TEST_TARGET_NAME = FlagApp;
			};
			name = Debug;
		};
		3BCF80BD2CBAC51A00AA1EFF /* Release */ = {
			isa = XCBuildConfiguration;
			buildSettings = {
				ALWAYS_EMBED_SWIFT_STANDARD_LIBRARIES = YES;
				CODE_SIGN_STYLE = Automatic;
				CURRENT_PROJECT_VERSION = 1;
				GENERATE_INFOPLIST_FILE = YES;
				MARKETING_VERSION = 1.0;
				PRODUCT_BUNDLE_IDENTIFIER = SDU.FlagAppUITests;
				PRODUCT_NAME = "$(TARGET_NAME)";
				SWIFT_EMIT_LOC_STRINGS = NO;
				SWIFT_VERSION = 5.0;
				TARGETED_DEVICE_FAMILY = "1,2";
				TEST_TARGET_NAME = FlagApp;
			};
			name = Release;
		};
/* End XCBuildConfiguration section */

/* Begin XCConfigurationList section */
		3BCF80862CBAC51900AA1EFF /* Build configuration list for PBXProject "FlagApp" */ = {
			isa = XCConfigurationList;
			buildConfigurations = (
				3BCF80B32CBAC51A00AA1EFF /* Debug */,
				3BCF80B42CBAC51A00AA1EFF /* Release */,
			);
			defaultConfigurationIsVisible = 0;
			defaultConfigurationName = Release;
		};
		3BCF80B52CBAC51A00AA1EFF /* Build configuration list for PBXNativeTarget "FlagApp" */ = {
			isa = XCConfigurationList;
			buildConfigurations = (
				3BCF80B62CBAC51A00AA1EFF /* Debug */,
				3BCF80B72CBAC51A00AA1EFF /* Release */,
			);
			defaultConfigurationIsVisible = 0;
			defaultConfigurationName = Release;
		};
		3BCF80B82CBAC51A00AA1EFF /* Build configuration list for PBXNativeTarget "FlagAppTests" */ = {
			isa = XCConfigurationList;
			buildConfigurations = (
				3BCF80B92CBAC51A00AA1EFF /* Debug */,
				3BCF80BA2CBAC51A00AA1EFF /* Release */,
			);
			defaultConfigurationIsVisible = 0;
			defaultConfigurationName = Release;
		};
		3BCF80BB2CBAC51A00AA1EFF /* Build configuration list for PBXNativeTarget "FlagAppUITests" */ = {
			isa = XCConfigurationList;
			buildConfigurations = (
				3BCF80BC2CBAC51A00AA1EFF /* Debug */,
				3BCF80BD2CBAC51A00AA1EFF /* Release */,
			);
			defaultConfigurationIsVisible = 0;
			defaultConfigurationName = Release;
		};
/* End XCConfigurationList section */
	};
	rootObject = 3BCF80832CBAC51900AA1EFF /* Project object */;
}
